github.com/LixenWraith/tinytoml v0.0.0-20250305012228-6862ba843264 h1:p2hpE672qTRuhR9FAt7SIHp8aP0pJbBKushCiIRNRpo=
github.com/LixenWraith/tinytoml v0.0.0-20250305012228-6862ba843264/go.mod h1:pm+BQlZ/VQC30uaB5Vfeih2b77QkGIiMvu+QgG/XOTk=
github.com/mitchellh/mapstructure v1.5.0 h1:jeMsZIYE/09sWLaz43PL7Gy6RuMjD2eJVyuac5Z2hdY=
github.com/mitchellh/mapstructure v1.5.0/go.mod h1:bFUtVrKA4DC2yAKiSyO/QUcy7e+RRV2QTWOzhPopBRo=
